
Microsoft Visual Studio Solution File, Format Version 12.00
# Visual Studio Version 16
VisualStudioVersion = 16.0.31829.152
MinimumVisualStudioVersion = 10.0.40219.1
Project("{FAE04EC0-301F-11D3-BF4B-00C04F79EFBC}") = "tren", "tren\tren.csproj", "{B6760F34-3653-4ED2-BDF3-F3ABF73BEA47}"
EndProject
Global
	GlobalSection(SolutionConfigurationPlatforms) = preSolution
		Debug|Any CPU = Debug|Any CPU
		Release|Any CPU = Release|Any CPU
	EndGlobalSection
	GlobalSection(ProjectConfigurationPlatforms) = postSolution
		{B6760F34-3653-4ED2-BDF3-F3ABF73BEA47}.Debug|Any CPU.ActiveCfg = Debug|Any CPU
		{B6760F34-3653-4ED2-BDF3-F3ABF73BEA47}.Debug|Any CPU.Build.0 = Debug|Any CPU
		{B6760F34-3653-4ED2-BDF3-F3ABF73BEA47}.Release|Any CPU.ActiveCfg = Release|Any CPU
		{B6760F34-3653-4ED2-BDF3-F3ABF73BEA47}.Release|Any CPU.Build.0 = Release|Any CPU
	EndGlobalSection
	GlobalSection(SolutionProperties) = preSolution
		HideSolutionNode = FALSE
	EndGlobalSection
	GlobalSection(ExtensibilityGlobals) = postSolution
		SolutionGuid = {8E37EAD7-A86C-4A21-B213-905967C5A30F}
	EndGlobalSection
EndGlobal
